
Microsoft Visual Studio Solution File, Format Version 12.00
# Visual Studio Version 16
VisualStudioVersion = 16.0.29709.97
MinimumVisualStudioVersion = 10.0.40219.1
Project("{FAE04EC0-301F-11D3-BF4B-00C04F79EFBC}") = "ToDoList", "ToDoList\ToDoList.csproj", "{3C0D0C1E-95F3-41B4-B240-AE6CE1C6CD20}"
EndProject
Project("{FAE04EC0-301F-11D3-BF4B-00C04F79EFBC}") = "ToDoConsole", "ToDoConsole\ToDoConsole.csproj", "{2CE50246-F2EE-4C18-BEAA-C2E6CD77DC15}"
EndProject
Project("{FAE04EC0-301F-11D3-BF4B-00C04F79EFBC}") = "Reminder", "Reminder\Reminder.csproj", "{80E15C1F-0235-447F-8B2C-F28FA907D576}"
EndProject
Global
	GlobalSection(SolutionConfigurationPlatforms) = preSolution
		Debug|Any CPU = Debug|Any CPU
		Release|Any CPU = Release|Any CPU
	EndGlobalSection
	GlobalSection(ProjectConfigurationPlatforms) = postSolution
		{3C0D0C1E-95F3-41B4-B240-AE6CE1C6CD20}.Debug|Any CPU.ActiveCfg = Debug|Any CPU
		{3C0D0C1E-95F3-41B4-B240-AE6CE1C6CD20}.Debug|Any CPU.Build.0 = Debug|Any CPU
		{3C0D0C1E-95F3-41B4-B240-AE6CE1C6CD20}.Release|Any CPU.ActiveCfg = Release|Any CPU
		{3C0D0C1E-95F3-41B4-B240-AE6CE1C6CD20}.Release|Any CPU.Build.0 = Release|Any CPU
		{2CE50246-F2EE-4C18-BEAA-C2E6CD77DC15}.Debug|Any CPU.ActiveCfg = Debug|Any CPU
		{2CE50246-F2EE-4C18-BEAA-C2E6CD77DC15}.Debug|Any CPU.Build.0 = Debug|Any CPU
		{2CE50246-F2EE-4C18-BEAA-C2E6CD77DC15}.Release|Any CPU.ActiveCfg = Release|Any CPU
		{2CE50246-F2EE-4C18-BEAA-C2E6CD77DC15}.Release|Any CPU.Build.0 = Release|Any CPU
		{80E15C1F-0235-447F-8B2C-F28FA907D576}.Debug|Any CPU.ActiveCfg = Debug|Any CPU
		{80E15C1F-0235-447F-8B2C-F28FA907D576}.Debug|Any CPU.Build.0 = Debug|Any CPU
		{80E15C1F-0235-447F-8B2C-F28FA907D576}.Release|Any CPU.ActiveCfg = Release|Any CPU
		{80E15C1F-0235-447F-8B2C-F28FA907D576}.Release|Any CPU.Build.0 = Release|Any CPU
	EndGlobalSection
	GlobalSection(SolutionProperties) = preSolution
		HideSolutionNode = FALSE
	EndGlobalSection
	GlobalSection(ExtensibilityGlobals) = postSolution
		SolutionGuid = {40EEA4ED-BEBF-41B1-828D-AD4F0C077A04}
	EndGlobalSection
EndGlobal
